
Microsoft Visual Studio Solution File, Format Version 12.00
# Visual Studio Version 17
VisualStudioVersion = 17.6.33829.357
MinimumVisualStudioVersion = 10.0.40219.1
Project("{FAE04EC0-301F-11D3-BF4B-00C04F79EFBC}") = "Foxic.UI", "Foxic.UI\Foxic.UI.csproj", "{D3B8741D-D4C5-412E-8684-1193F0A8E818}"
EndProject
Project("{FAE04EC0-301F-11D3-BF4B-00C04F79EFBC}") = "Foxic.Core", "Foxic.Core\Foxic.Core.csproj", "{CAD5B1B3-7C3A-407F-833F-32E537B3B738}"
EndProject
Project("{FAE04EC0-301F-11D3-BF4B-00C04F79EFBC}") = "Foxic.DataAccess", "Foxic.DataAccess\Foxic.DataAccess.csproj", "{B4BB36AF-E856-4877-9A7E-3ECA459A4F20}"
EndProject
Project("{FAE04EC0-301F-11D3-BF4B-00C04F79EFBC}") = "Foxic.Business", "Foxic.Business\Foxic.Business.csproj", "{76D32899-C3A4-40F5-B49E-7A6670697AAB}"
EndProject
Global
	GlobalSection(SolutionConfigurationPlatforms) = preSolution
		Debug|Any CPU = Debug|Any CPU
		Release|Any CPU = Release|Any CPU
	EndGlobalSection
	GlobalSection(ProjectConfigurationPlatforms) = postSolution
		{D3B8741D-D4C5-412E-8684-1193F0A8E818}.Debug|Any CPU.ActiveCfg = Debug|Any CPU
		{D3B8741D-D4C5-412E-8684-1193F0A8E818}.Debug|Any CPU.Build.0 = Debug|Any CPU
		{D3B8741D-D4C5-412E-8684-1193F0A8E818}.Release|Any CPU.ActiveCfg = Release|Any CPU
		{D3B8741D-D4C5-412E-8684-1193F0A8E818}.Release|Any CPU.Build.0 = Release|Any CPU
		{CAD5B1B3-7C3A-407F-833F-32E537B3B738}.Debug|Any CPU.ActiveCfg = Debug|Any CPU
		{CAD5B1B3-7C3A-407F-833F-32E537B3B738}.Debug|Any CPU.Build.0 = Debug|Any CPU
		{CAD5B1B3-7C3A-407F-833F-32E537B3B738}.Release|Any CPU.ActiveCfg = Release|Any CPU
		{CAD5B1B3-7C3A-407F-833F-32E537B3B738}.Release|Any CPU.Build.0 = Release|Any CPU
		{B4BB36AF-E856-4877-9A7E-3ECA459A4F20}.Debug|Any CPU.ActiveCfg = Debug|Any CPU
		{B4BB36AF-E856-4877-9A7E-3ECA459A4F20}.Debug|Any CPU.Build.0 = Debug|Any CPU
		{B4BB36AF-E856-4877-9A7E-3ECA459A4F20}.Release|Any CPU.ActiveCfg = Release|Any CPU
		{B4BB36AF-E856-4877-9A7E-3ECA459A4F20}.Release|Any CPU.Build.0 = Release|Any CPU
		{76D32899-C3A4-40F5-B49E-7A6670697AAB}.Debug|Any CPU.ActiveCfg = Debug|Any CPU
		{76D32899-C3A4-40F5-B49E-7A6670697AAB}.Debug|Any CPU.Build.0 = Debug|Any CPU
		{76D32899-C3A4-40F5-B49E-7A6670697AAB}.Release|Any CPU.ActiveCfg = Release|Any CPU
		{76D32899-C3A4-40F5-B49E-7A6670697AAB}.Release|Any CPU.Build.0 = Release|Any CPU
	EndGlobalSection
	GlobalSection(SolutionProperties) = preSolution
		HideSolutionNode = FALSE
	EndGlobalSection
	GlobalSection(ExtensibilityGlobals) = postSolution
		SolutionGuid = {C53EFAB9-D735-4AD5-B078-410065B2E45E}
	EndGlobalSection
EndGlobal
